
Microsoft Visual Studio Solution File, Format Version 12.00
# Visual Studio Version 17
VisualStudioVersion = 17.6.33723.286
MinimumVisualStudioVersion = 10.0.40219.1
Project("{FAE04EC0-301F-11D3-BF4B-00C04F79EFBC}") = "tutorialBlazor.Server", "tutorialBlazor\Server\tutorialBlazor.Server.csproj", "{27C7DEDF-4D86-41C6-B6FA-0D6D18541802}"
EndProject
Project("{FAE04EC0-301F-11D3-BF4B-00C04F79EFBC}") = "tutorialBlazor.Client", "tutorialBlazor\Client\tutorialBlazor.Client.csproj", "{FC574D69-349E-4F1C-99D7-702C3E01FC54}"
EndProject
Project("{FAE04EC0-301F-11D3-BF4B-00C04F79EFBC}") = "tutorialBlazor.Shared", "tutorialBlazor\Shared\tutorialBlazor.Shared.csproj", "{D973F686-2648-47FC-AEA1-5E543ECD3EF7}"
EndProject
Global
	GlobalSection(SolutionConfigurationPlatforms) = preSolution
		Debug|Any CPU = Debug|Any CPU
		Release|Any CPU = Release|Any CPU
	EndGlobalSection
	GlobalSection(ProjectConfigurationPlatforms) = postSolution
		{27C7DEDF-4D86-41C6-B6FA-0D6D18541802}.Debug|Any CPU.ActiveCfg = Debug|Any CPU
		{27C7DEDF-4D86-41C6-B6FA-0D6D18541802}.Debug|Any CPU.Build.0 = Debug|Any CPU
		{27C7DEDF-4D86-41C6-B6FA-0D6D18541802}.Release|Any CPU.ActiveCfg = Release|Any CPU
		{27C7DEDF-4D86-41C6-B6FA-0D6D18541802}.Release|Any CPU.Build.0 = Release|Any CPU
		{FC574D69-349E-4F1C-99D7-702C3E01FC54}.Debug|Any CPU.ActiveCfg = Debug|Any CPU
		{FC574D69-349E-4F1C-99D7-702C3E01FC54}.Debug|Any CPU.Build.0 = Debug|Any CPU
		{FC574D69-349E-4F1C-99D7-702C3E01FC54}.Release|Any CPU.ActiveCfg = Release|Any CPU
		{FC574D69-349E-4F1C-99D7-702C3E01FC54}.Release|Any CPU.Build.0 = Release|Any CPU
		{D973F686-2648-47FC-AEA1-5E543ECD3EF7}.Debug|Any CPU.ActiveCfg = Debug|Any CPU
		{D973F686-2648-47FC-AEA1-5E543ECD3EF7}.Debug|Any CPU.Build.0 = Debug|Any CPU
		{D973F686-2648-47FC-AEA1-5E543ECD3EF7}.Release|Any CPU.ActiveCfg = Release|Any CPU
		{D973F686-2648-47FC-AEA1-5E543ECD3EF7}.Release|Any CPU.Build.0 = Release|Any CPU
	EndGlobalSection
	GlobalSection(SolutionProperties) = preSolution
		HideSolutionNode = FALSE
	EndGlobalSection
	GlobalSection(ExtensibilityGlobals) = postSolution
		SolutionGuid = {F9E2C08D-D688-4EAE-991A-4125D9985B42}
	EndGlobalSection
EndGlobal
