
Microsoft Visual Studio Solution File, Format Version 12.00
# Visual Studio Version 17
VisualStudioVersion = 17.6.33723.286
MinimumVisualStudioVersion = 10.0.40219.1
Project("{9A19103F-16F7-4668-BE54-9A1E7A4F7556}") = "esercizioAspNet.web", "esercizioAspNet.web\esercizioAspNet.web.csproj", "{B3839194-1211-4B3D-B911-E51499219360}"
EndProject
Global
	GlobalSection(SolutionConfigurationPlatforms) = preSolution
		Debug|Any CPU = Debug|Any CPU
		Release|Any CPU = Release|Any CPU
	EndGlobalSection
	GlobalSection(ProjectConfigurationPlatforms) = postSolution
		{B3839194-1211-4B3D-B911-E51499219360}.Debug|Any CPU.ActiveCfg = Debug|Any CPU
		{B3839194-1211-4B3D-B911-E51499219360}.Debug|Any CPU.Build.0 = Debug|Any CPU
		{B3839194-1211-4B3D-B911-E51499219360}.Release|Any CPU.ActiveCfg = Release|Any CPU
		{B3839194-1211-4B3D-B911-E51499219360}.Release|Any CPU.Build.0 = Release|Any CPU
	EndGlobalSection
	GlobalSection(SolutionProperties) = preSolution
		HideSolutionNode = FALSE
	EndGlobalSection
	GlobalSection(ExtensibilityGlobals) = postSolution
		SolutionGuid = {903554C6-B702-46C8-B728-06499BA0B1E3}
	EndGlobalSection
EndGlobal
