
Microsoft Visual Studio Solution File, Format Version 12.00
# Visual Studio Version 17
VisualStudioVersion = 17.6.33723.286
MinimumVisualStudioVersion = 10.0.40219.1
Project("{9A19103F-16F7-4668-BE54-9A1E7A4F7556}") = "cvManagerCRUD", "cvManagerCRUD\cvManagerCRUD.csproj", "{095CE0C7-7578-4DC5-85E4-43A06A88834A}"
EndProject
Project("{9A19103F-16F7-4668-BE54-9A1E7A4F7556}") = "sediApiCrud", "sediApiCrud\sediApiCrud.csproj", "{8B618D6B-1CC9-412F-9A63-2E6AC1EAB48F}"
EndProject
Global
	GlobalSection(SolutionConfigurationPlatforms) = preSolution
		Debug|Any CPU = Debug|Any CPU
		Release|Any CPU = Release|Any CPU
	EndGlobalSection
	GlobalSection(ProjectConfigurationPlatforms) = postSolution
		{095CE0C7-7578-4DC5-85E4-43A06A88834A}.Debug|Any CPU.ActiveCfg = Debug|Any CPU
		{095CE0C7-7578-4DC5-85E4-43A06A88834A}.Debug|Any CPU.Build.0 = Debug|Any CPU
		{095CE0C7-7578-4DC5-85E4-43A06A88834A}.Release|Any CPU.ActiveCfg = Release|Any CPU
		{095CE0C7-7578-4DC5-85E4-43A06A88834A}.Release|Any CPU.Build.0 = Release|Any CPU
		{8B618D6B-1CC9-412F-9A63-2E6AC1EAB48F}.Debug|Any CPU.ActiveCfg = Debug|Any CPU
		{8B618D6B-1CC9-412F-9A63-2E6AC1EAB48F}.Debug|Any CPU.Build.0 = Debug|Any CPU
		{8B618D6B-1CC9-412F-9A63-2E6AC1EAB48F}.Release|Any CPU.ActiveCfg = Release|Any CPU
		{8B618D6B-1CC9-412F-9A63-2E6AC1EAB48F}.Release|Any CPU.Build.0 = Release|Any CPU
	EndGlobalSection
	GlobalSection(SolutionProperties) = preSolution
		HideSolutionNode = FALSE
	EndGlobalSection
	GlobalSection(ExtensibilityGlobals) = postSolution
		SolutionGuid = {BB7BF0C9-398A-48E9-B3B3-7BA7E1D83F98}
	EndGlobalSection
EndGlobal
